# @generated by Move, please check-in and do not edit manually.

[move]
version = 2
manifest_digest = "1C50455DB0E7166357A8082818F59DE3218E93F7D0E46A2B1BC3EC883DF92378"
deps_digest = "3C4103934B1E040BB6B23F1D610B4EF9F2F1166A50A104EADCF77467C004C600"
dependencies = [
  { name = "Sui" },
  { name = "lending_core" },
]

[[move.package]]
name = "MoveStdlib"
source = { git = "https://github.com/MystenLabs/sui.git", rev = "mainnet", subdir = "crates\\sui-framework\\packages\\move-stdlib" }

[[move.package]]
name = "Sui"
source = { git = "https://github.com/MystenLabs/sui.git", rev = "mainnet", subdir = "crates/sui-framework/packages/sui-framework" }

dependencies = [
  { name = "MoveStdlib" },
]

[[move.package]]
name = "lending_core"
source = { git = "https://github.com/naviprotocol/protocol-interface.git", rev = "main", subdir = "lending_core" }

dependencies = [
  { name = "Sui" },
  { name = "math" },
  { name = "oracle" },
  { name = "utils" },
]

[[move.package]]
name = "math"
source = { git = "https://github.com/naviprotocol/protocol-interface.git", rev = "main", subdir = "math" }

dependencies = [
  { name = "Sui" },
]

[[move.package]]
name = "oracle"
source = { git = "https://github.com/naviprotocol/protocol-interface.git", rev = "main", subdir = "oracle" }

dependencies = [
  { name = "Sui" },
]

[[move.package]]
name = "utils"
source = { git = "https://github.com/naviprotocol/protocol-interface.git", rev = "main", subdir = "utils" }

dependencies = [
  { name = "Sui" },
]

[move.toolchain-version]
compiler-version = "1.24.1"
edition = "2024.beta"
flavor = "sui"
